
Microsoft Visual Studio Solution File, Format Version 12.00
# Visual Studio Version 16
VisualStudioVersion = 16.0.31624.102
MinimumVisualStudioVersion = 10.0.40219.1
Project("{FAE04EC0-301F-11D3-BF4B-00C04F79EFBC}") = "1730ZA2021", "1730ZA2021\1730ZA2021.csproj", "{D6E61C30-7655-428C-A914-CA3B5ED0BCEF}"
EndProject
Project("{FAE04EC0-301F-11D3-BF4B-00C04F79EFBC}") = "zanderson1C", "zanderson1C\zanderson1C.csproj", "{2CE0184D-4F32-498E-A4C9-9D18253AEB4E}"
EndProject
Project("{FAE04EC0-301F-11D3-BF4B-00C04F79EFBC}") = "zanderson1D", "zanderson1D\zanderson1D.csproj", "{F499BDA2-1420-4A7C-A153-C0A3D88D5E5C}"
EndProject
Project("{FAE04EC0-301F-11D3-BF4B-00C04F79EFBC}") = "zanderson1E", "zanderson1E\zanderson1E.csproj", "{AB0DF10D-41B8-4F55-99D9-16D13BC878B1}"
EndProject
Project("{FAE04EC0-301F-11D3-BF4B-00C04F79EFBC}") = "zanderson1F", "zanderson1F\zanderson1F.csproj", "{2E00397F-EE5B-41BD-B12C-1FDD7B0608A3}"
EndProject
Project("{FAE04EC0-301F-11D3-BF4B-00C04F79EFBC}") = "zanderson2B", "zanderson2B\zanderson2B.csproj", "{0428C88B-EA03-4A5E-BA76-FC102087A220}"
EndProject
Project("{FAE04EC0-301F-11D3-BF4B-00C04F79EFBC}") = "zanderson2D", "zanderson2D\zanderson2D.csproj", "{73316F9E-7092-4E20-9C90-505BEBA062F2}"
EndProject
Project("{FAE04EC0-301F-11D3-BF4B-00C04F79EFBC}") = "zanderson2E", "zanderson2E\zanderson2E.csproj", "{666D9FD2-4296-4C0A-9EB9-E70AD72270DD}"
EndProject
Project("{FAE04EC0-301F-11D3-BF4B-00C04F79EFBC}") = "zanderson2EUnitTests", "zanderson2EUnitTests\zanderson2EUnitTests.csproj", "{41D79879-64A4-46A0-A15F-E29098CB65B5}"
EndProject
Project("{FAE04EC0-301F-11D3-BF4B-00C04F79EFBC}") = "zanderson2F", "zanderson2F\zanderson2F.csproj", "{02B63A99-5DB3-4272-BF3D-E7161ABD74BB}"
EndProject
Project("{FAE04EC0-301F-11D3-BF4B-00C04F79EFBC}") = "zanderson2fUnitTests", "zanderson2fUnitTests\zanderson2fUnitTests.csproj", "{DA3A14FA-A989-41FF-9D7E-1F8A4449C75F}"
EndProject
Project("{FAE04EC0-301F-11D3-BF4B-00C04F79EFBC}") = "zanderson2G", "zanderson2G\zanderson2G.csproj", "{78237FBE-FF0E-4DB9-90D8-F1587623301D}"
EndProject
Project("{FAE04EC0-301F-11D3-BF4B-00C04F79EFBC}") = "zanderson2GUnitTests", "zanderson2GUnitTests\zanderson2GUnitTests.csproj", "{DE53FC4C-B6FE-4F43-8635-A315DD2FE09B}"
EndProject
Project("{FAE04EC0-301F-11D3-BF4B-00C04F79EFBC}") = "zanderson2H", "zanderson2H\zanderson2H.csproj", "{425663E8-FFE0-47BB-B757-FDF96C053898}"
EndProject
Project("{FAE04EC0-301F-11D3-BF4B-00C04F79EFBC}") = "Ex2hDateTimeUnitTests", "1730ex2h Tests\Ex2hDateTimeUnitTests.csproj", "{C69AA11A-27DB-4172-B0B2-09A76BA5D0F3}"
EndProject
Project("{FAE04EC0-301F-11D3-BF4B-00C04F79EFBC}") = "Ex2hStringUnitTests", "Ex2hStringUnitTests\Ex2hStringUnitTests.csproj", "{55AC969C-5990-4BF0-ABDD-A427773090E4}"
EndProject
Project("{FAE04EC0-301F-11D3-BF4B-00C04F79EFBC}") = "zanderson3A2", "zanderson3A2\zanderson3A2.csproj", "{65342BC9-086B-4DC4-BA6E-1E8A05FEA085}"
EndProject
Project("{FAE04EC0-301F-11D3-BF4B-00C04F79EFBC}") = "Ex3aUnitTests", "Ex3aUnitTests\Ex3aUnitTests.csproj", "{99FE28F9-F96E-4BBE-96E1-AE3C9DDBC3BC}"
EndProject
Project("{FAE04EC0-301F-11D3-BF4B-00C04F79EFBC}") = "zanderson3B", "zanderson3B\zanderson3B.csproj", "{01987A02-EE2D-458B-B243-D16566AAA9B8}"
EndProject
Project("{FAE04EC0-301F-11D3-BF4B-00C04F79EFBC}") = "Ex3bUnitTests", "Ex3bUnitTests\Ex3bUnitTests.csproj", "{C72852A0-EA1E-4811-98FE-D1A798492C78}"
EndProject
Global
	GlobalSection(SolutionConfigurationPlatforms) = preSolution
		Debug|Any CPU = Debug|Any CPU
		Release|Any CPU = Release|Any CPU
	EndGlobalSection
	GlobalSection(ProjectConfigurationPlatforms) = postSolution
		{D6E61C30-7655-428C-A914-CA3B5ED0BCEF}.Debug|Any CPU.ActiveCfg = Debug|Any CPU
		{D6E61C30-7655-428C-A914-CA3B5ED0BCEF}.Debug|Any CPU.Build.0 = Debug|Any CPU
		{D6E61C30-7655-428C-A914-CA3B5ED0BCEF}.Release|Any CPU.ActiveCfg = Release|Any CPU
		{D6E61C30-7655-428C-A914-CA3B5ED0BCEF}.Release|Any CPU.Build.0 = Release|Any CPU
		{2CE0184D-4F32-498E-A4C9-9D18253AEB4E}.Debug|Any CPU.ActiveCfg = Debug|Any CPU
		{2CE0184D-4F32-498E-A4C9-9D18253AEB4E}.Debug|Any CPU.Build.0 = Debug|Any CPU
		{2CE0184D-4F32-498E-A4C9-9D18253AEB4E}.Release|Any CPU.ActiveCfg = Release|Any CPU
		{2CE0184D-4F32-498E-A4C9-9D18253AEB4E}.Release|Any CPU.Build.0 = Release|Any CPU
		{F499BDA2-1420-4A7C-A153-C0A3D88D5E5C}.Debug|Any CPU.ActiveCfg = Debug|Any CPU
		{F499BDA2-1420-4A7C-A153-C0A3D88D5E5C}.Debug|Any CPU.Build.0 = Debug|Any CPU
		{F499BDA2-1420-4A7C-A153-C0A3D88D5E5C}.Release|Any CPU.ActiveCfg = Release|Any CPU
		{F499BDA2-1420-4A7C-A153-C0A3D88D5E5C}.Release|Any CPU.Build.0 = Release|Any CPU
		{AB0DF10D-41B8-4F55-99D9-16D13BC878B1}.Debug|Any CPU.ActiveCfg = Debug|Any CPU
		{AB0DF10D-41B8-4F55-99D9-16D13BC878B1}.Debug|Any CPU.Build.0 = Debug|Any CPU
		{AB0DF10D-41B8-4F55-99D9-16D13BC878B1}.Release|Any CPU.ActiveCfg = Release|Any CPU
		{AB0DF10D-41B8-4F55-99D9-16D13BC878B1}.Release|Any CPU.Build.0 = Release|Any CPU
		{2E00397F-EE5B-41BD-B12C-1FDD7B0608A3}.Debug|Any CPU.ActiveCfg = Debug|Any CPU
		{2E00397F-EE5B-41BD-B12C-1FDD7B0608A3}.Debug|Any CPU.Build.0 = Debug|Any CPU
		{2E00397F-EE5B-41BD-B12C-1FDD7B0608A3}.Release|Any CPU.ActiveCfg = Release|Any CPU
		{2E00397F-EE5B-41BD-B12C-1FDD7B0608A3}.Release|Any CPU.Build.0 = Release|Any CPU
		{0428C88B-EA03-4A5E-BA76-FC102087A220}.Debug|Any CPU.ActiveCfg = Debug|Any CPU
		{0428C88B-EA03-4A5E-BA76-FC102087A220}.Debug|Any CPU.Build.0 = Debug|Any CPU
		{0428C88B-EA03-4A5E-BA76-FC102087A220}.Release|Any CPU.ActiveCfg = Release|Any CPU
		{0428C88B-EA03-4A5E-BA76-FC102087A220}.Release|Any CPU.Build.0 = Release|Any CPU
		{73316F9E-7092-4E20-9C90-505BEBA062F2}.Debug|Any CPU.ActiveCfg = Debug|Any CPU
		{73316F9E-7092-4E20-9C90-505BEBA062F2}.Debug|Any CPU.Build.0 = Debug|Any CPU
		{73316F9E-7092-4E20-9C90-505BEBA062F2}.Release|Any CPU.ActiveCfg = Release|Any CPU
		{73316F9E-7092-4E20-9C90-505BEBA062F2}.Release|Any CPU.Build.0 = Release|Any CPU
		{666D9FD2-4296-4C0A-9EB9-E70AD72270DD}.Debug|Any CPU.ActiveCfg = Debug|Any CPU
		{666D9FD2-4296-4C0A-9EB9-E70AD72270DD}.Debug|Any CPU.Build.0 = Debug|Any CPU
		{666D9FD2-4296-4C0A-9EB9-E70AD72270DD}.Release|Any CPU.ActiveCfg = Release|Any CPU
		{666D9FD2-4296-4C0A-9EB9-E70AD72270DD}.Release|Any CPU.Build.0 = Release|Any CPU
		{41D79879-64A4-46A0-A15F-E29098CB65B5}.Debug|Any CPU.ActiveCfg = Debug|Any CPU
		{41D79879-64A4-46A0-A15F-E29098CB65B5}.Debug|Any CPU.Build.0 = Debug|Any CPU
		{41D79879-64A4-46A0-A15F-E29098CB65B5}.Release|Any CPU.ActiveCfg = Release|Any CPU
		{41D79879-64A4-46A0-A15F-E29098CB65B5}.Release|Any CPU.Build.0 = Release|Any CPU
		{02B63A99-5DB3-4272-BF3D-E7161ABD74BB}.Debug|Any CPU.ActiveCfg = Debug|Any CPU
		{02B63A99-5DB3-4272-BF3D-E7161ABD74BB}.Debug|Any CPU.Build.0 = Debug|Any CPU
		{02B63A99-5DB3-4272-BF3D-E7161ABD74BB}.Release|Any CPU.ActiveCfg = Release|Any CPU
		{02B63A99-5DB3-4272-BF3D-E7161ABD74BB}.Release|Any CPU.Build.0 = Release|Any CPU
		{DA3A14FA-A989-41FF-9D7E-1F8A4449C75F}.Debug|Any CPU.ActiveCfg = Debug|Any CPU
		{DA3A14FA-A989-41FF-9D7E-1F8A4449C75F}.Debug|Any CPU.Build.0 = Debug|Any CPU
		{DA3A14FA-A989-41FF-9D7E-1F8A4449C75F}.Release|Any CPU.ActiveCfg = Release|Any CPU
		{DA3A14FA-A989-41FF-9D7E-1F8A4449C75F}.Release|Any CPU.Build.0 = Release|Any CPU
		{78237FBE-FF0E-4DB9-90D8-F1587623301D}.Debug|Any CPU.ActiveCfg = Debug|Any CPU
		{78237FBE-FF0E-4DB9-90D8-F1587623301D}.Debug|Any CPU.Build.0 = Debug|Any CPU
		{78237FBE-FF0E-4DB9-90D8-F1587623301D}.Release|Any CPU.ActiveCfg = Release|Any CPU
		{78237FBE-FF0E-4DB9-90D8-F1587623301D}.Release|Any CPU.Build.0 = Release|Any CPU
		{DE53FC4C-B6FE-4F43-8635-A315DD2FE09B}.Debug|Any CPU.ActiveCfg = Debug|Any CPU
		{DE53FC4C-B6FE-4F43-8635-A315DD2FE09B}.Debug|Any CPU.Build.0 = Debug|Any CPU
		{DE53FC4C-B6FE-4F43-8635-A315DD2FE09B}.Release|Any CPU.ActiveCfg = Release|Any CPU
		{DE53FC4C-B6FE-4F43-8635-A315DD2FE09B}.Release|Any CPU.Build.0 = Release|Any CPU
		{425663E8-FFE0-47BB-B757-FDF96C053898}.Debug|Any CPU.ActiveCfg = Debug|Any CPU
		{425663E8-FFE0-47BB-B757-FDF96C053898}.Debug|Any CPU.Build.0 = Debug|Any CPU
		{425663E8-FFE0-47BB-B757-FDF96C053898}.Release|Any CPU.ActiveCfg = Release|Any CPU
		{425663E8-FFE0-47BB-B757-FDF96C053898}.Release|Any CPU.Build.0 = Release|Any CPU
		{C69AA11A-27DB-4172-B0B2-09A76BA5D0F3}.Debug|Any CPU.ActiveCfg = Debug|Any CPU
		{C69AA11A-27DB-4172-B0B2-09A76BA5D0F3}.Debug|Any CPU.Build.0 = Debug|Any CPU
		{C69AA11A-27DB-4172-B0B2-09A76BA5D0F3}.Release|Any CPU.ActiveCfg = Release|Any CPU
		{C69AA11A-27DB-4172-B0B2-09A76BA5D0F3}.Release|Any CPU.Build.0 = Release|Any CPU
		{55AC969C-5990-4BF0-ABDD-A427773090E4}.Debug|Any CPU.ActiveCfg = Debug|Any CPU
		{55AC969C-5990-4BF0-ABDD-A427773090E4}.Debug|Any CPU.Build.0 = Debug|Any CPU
		{55AC969C-5990-4BF0-ABDD-A427773090E4}.Release|Any CPU.ActiveCfg = Release|Any CPU
		{55AC969C-5990-4BF0-ABDD-A427773090E4}.Release|Any CPU.Build.0 = Release|Any CPU
		{65342BC9-086B-4DC4-BA6E-1E8A05FEA085}.Debug|Any CPU.ActiveCfg = Debug|Any CPU
		{65342BC9-086B-4DC4-BA6E-1E8A05FEA085}.Debug|Any CPU.Build.0 = Debug|Any CPU
		{65342BC9-086B-4DC4-BA6E-1E8A05FEA085}.Release|Any CPU.ActiveCfg = Release|Any CPU
		{65342BC9-086B-4DC4-BA6E-1E8A05FEA085}.Release|Any CPU.Build.0 = Release|Any CPU
		{99FE28F9-F96E-4BBE-96E1-AE3C9DDBC3BC}.Debug|Any CPU.ActiveCfg = Debug|Any CPU
		{99FE28F9-F96E-4BBE-96E1-AE3C9DDBC3BC}.Debug|Any CPU.Build.0 = Debug|Any CPU
		{99FE28F9-F96E-4BBE-96E1-AE3C9DDBC3BC}.Release|Any CPU.ActiveCfg = Release|Any CPU
		{99FE28F9-F96E-4BBE-96E1-AE3C9DDBC3BC}.Release|Any CPU.Build.0 = Release|Any CPU
		{01987A02-EE2D-458B-B243-D16566AAA9B8}.Debug|Any CPU.ActiveCfg = Debug|Any CPU
		{01987A02-EE2D-458B-B243-D16566AAA9B8}.Debug|Any CPU.Build.0 = Debug|Any CPU
		{01987A02-EE2D-458B-B243-D16566AAA9B8}.Release|Any CPU.ActiveCfg = Release|Any CPU
		{01987A02-EE2D-458B-B243-D16566AAA9B8}.Release|Any CPU.Build.0 = Release|Any CPU
		{C72852A0-EA1E-4811-98FE-D1A798492C78}.Debug|Any CPU.ActiveCfg = Debug|Any CPU
		{C72852A0-EA1E-4811-98FE-D1A798492C78}.Debug|Any CPU.Build.0 = Debug|Any CPU
		{C72852A0-EA1E-4811-98FE-D1A798492C78}.Release|Any CPU.ActiveCfg = Release|Any CPU
		{C72852A0-EA1E-4811-98FE-D1A798492C78}.Release|Any CPU.Build.0 = Release|Any CPU
	EndGlobalSection
	GlobalSection(SolutionProperties) = preSolution
		HideSolutionNode = FALSE
	EndGlobalSection
	GlobalSection(ExtensibilityGlobals) = postSolution
		SolutionGuid = {50BFF455-1B56-421D-940B-C803EABD1369}
	EndGlobalSection
EndGlobal
